// !$*UTF8*$!
{
	archiveVersion = 1;
	classes = {
	};
	objectVersion = 55;
	objects = {

/* Begin PBXBuildFile section */
		13185F2027E1103B00F7BBFD /* HomeLanding.storyboard in Resources */ = {isa = PBXBuildFile; fileRef = 13185F1F27E1103B00F7BBFD /* HomeLanding.storyboard */; };
		13185F2327E1109400F7BBFD /* HomeLandingVC.swift in Sources */ = {isa = PBXBuildFile; fileRef = 13185F2227E1109400F7BBFD /* HomeLandingVC.swift */; };
		13185F2A27E119B900F7BBFD /* Constants.swift in Sources */ = {isa = PBXBuildFile; fileRef = 13185F2927E119B900F7BBFD /* Constants.swift */; };
		137E205E27E23FDA00AA4FF1 /* Alamofire in Frameworks */ = {isa = PBXBuildFile; productRef = 137E205D27E23FDA00AA4FF1 /* Alamofire */; };
		137E206127E23FF100AA4FF1 /* Kingfisher in Frameworks */ = {isa = PBXBuildFile; productRef = 137E206027E23FF100AA4FF1 /* Kingfisher */; };
		137E206427E2403200AA4FF1 /* UIImageView+Extension.swift in Sources */ = {isa = PBXBuildFile; fileRef = 137E206327E2403200AA4FF1 /* UIImageView+Extension.swift */; };
		137E206827E2407500AA4FF1 /* NetworkManager.swift in Sources */ = {isa = PBXBuildFile; fileRef = 137E206727E2407500AA4FF1 /* NetworkManager.swift */; };
		137E206A27E3177B00AA4FF1 /* HomeViewModel.swift in Sources */ = {isa = PBXBuildFile; fileRef = 137E206927E3177B00AA4FF1 /* HomeViewModel.swift */; };
		137E206C27E317C700AA4FF1 /* BaseViewController.swift in Sources */ = {isa = PBXBuildFile; fileRef = 137E206B27E317C700AA4FF1 /* BaseViewController.swift */; };
		137E206E27E32E4F00AA4FF1 /* HomeWeatherDataModel.swift in Sources */ = {isa = PBXBuildFile; fileRef = 137E206D27E32E4F00AA4FF1 /* HomeWeatherDataModel.swift */; };
		137E207027E4CD1900AA4FF1 /* UIColor+Extension.swift in Sources */ = {isa = PBXBuildFile; fileRef = 137E206F27E4CD1900AA4FF1 /* UIColor+Extension.swift */; };
		137E207427E5ACC000AA4FF1 /* SheetPresenter.storyboard in Resources */ = {isa = PBXBuildFile; fileRef = 137E207327E5ACC000AA4FF1 /* SheetPresenter.storyboard */; };
		137E207627E5ACF300AA4FF1 /* SheetPresenter.swift in Sources */ = {isa = PBXBuildFile; fileRef = 137E207527E5ACF300AA4FF1 /* SheetPresenter.swift */; };
		137E207827E5ADE400AA4FF1 /* UIViewController+Extension.swift in Sources */ = {isa = PBXBuildFile; fileRef = 137E207727E5ADE400AA4FF1 /* UIViewController+Extension.swift */; };
		137E207A27E5AEEB00AA4FF1 /* UIResponder+Extension.swift in Sources */ = {isa = PBXBuildFile; fileRef = 137E207927E5AEEB00AA4FF1 /* UIResponder+Extension.swift */; };
		137E207E27E5B88200AA4FF1 /* UIView+Extension.swift in Sources */ = {isa = PBXBuildFile; fileRef = 137E207D27E5B88200AA4FF1 /* UIView+Extension.swift */; };
		137E208227E5C23600AA4FF1 /* SearchPage.storyboard in Resources */ = {isa = PBXBuildFile; fileRef = 137E208127E5C23600AA4FF1 /* SearchPage.storyboard */; };
		137E208427E5C24A00AA4FF1 /* SearchPageVC.swift in Sources */ = {isa = PBXBuildFile; fileRef = 137E208327E5C24A00AA4FF1 /* SearchPageVC.swift */; };
		137E208827E5C33900AA4FF1 /* SearchViewModel.swift in Sources */ = {isa = PBXBuildFile; fileRef = 137E208727E5C33900AA4FF1 /* SearchViewModel.swift */; };
		137E208A27E5C41F00AA4FF1 /* SearchResultModel.swift in Sources */ = {isa = PBXBuildFile; fileRef = 137E208927E5C41F00AA4FF1 /* SearchResultModel.swift */; };
		137E208D27E5D71F00AA4FF1 /* TableViewGenricCell.swift in Sources */ = {isa = PBXBuildFile; fileRef = 137E208C27E5D71F00AA4FF1 /* TableViewGenricCell.swift */; };
		137E209127E5D7A300AA4FF1 /* SearchResultTableCell.swift in Sources */ = {isa = PBXBuildFile; fileRef = 137E208F27E5D7A300AA4FF1 /* SearchResultTableCell.swift */; };
		137E209227E5D7A300AA4FF1 /* SearchResultTableCell.xib in Resources */ = {isa = PBXBuildFile; fileRef = 137E209027E5D7A300AA4FF1 /* SearchResultTableCell.xib */; };
		13CC3B1E27E10B54008F9293 /* AppDelegate.swift in Sources */ = {isa = PBXBuildFile; fileRef = 13CC3B1D27E10B54008F9293 /* AppDelegate.swift */; };
		13CC3B2027E10B54008F9293 /* SceneDelegate.swift in Sources */ = {isa = PBXBuildFile; fileRef = 13CC3B1F27E10B54008F9293 /* SceneDelegate.swift */; };
		13CC3B2727E10B59008F9293 /* Assets.xcassets in Resources */ = {isa = PBXBuildFile; fileRef = 13CC3B2627E10B59008F9293 /* Assets.xcassets */; };
		13CC3B2A27E10B59008F9293 /* LaunchScreen.storyboard in Resources */ = {isa = PBXBuildFile; fileRef = 13CC3B2827E10B59008F9293 /* LaunchScreen.storyboard */; };
/* End PBXBuildFile section */

/* Begin PBXFileReference section */
		13185F1F27E1103B00F7BBFD /* HomeLanding.storyboard */ = {isa = PBXFileReference; lastKnownFileType = file.storyboard; path = HomeLanding.storyboard; sourceTree = "<group>"; };
		13185F2227E1109400F7BBFD /* HomeLandingVC.swift */ = {isa = PBXFileReference; lastKnownFileType = sourcecode.swift; path = HomeLandingVC.swift; sourceTree = "<group>"; };
		13185F2927E119B900F7BBFD /* Constants.swift */ = {isa = PBXFileReference; lastKnownFileType = sourcecode.swift; path = Constants.swift; sourceTree = "<group>"; };
		137E206327E2403200AA4FF1 /* UIImageView+Extension.swift */ = {isa = PBXFileReference; lastKnownFileType = sourcecode.swift; path = "UIImageView+Extension.swift"; sourceTree = "<group>"; };
		137E206727E2407500AA4FF1 /* NetworkManager.swift */ = {isa = PBXFileReference; lastKnownFileType = sourcecode.swift; path = NetworkManager.swift; sourceTree = "<group>"; };
		137E206927E3177B00AA4FF1 /* HomeViewModel.swift */ = {isa = PBXFileReference; lastKnownFileType = sourcecode.swift; path = HomeViewModel.swift; sourceTree = "<group>"; };
		137E206B27E317C700AA4FF1 /* BaseViewController.swift */ = {isa = PBXFileReference; lastKnownFileType = sourcecode.swift; path = BaseViewController.swift; sourceTree = "<group>"; };
		137E206D27E32E4F00AA4FF1 /* HomeWeatherDataModel.swift */ = {isa = PBXFileReference; lastKnownFileType = sourcecode.swift; path = HomeWeatherDataModel.swift; sourceTree = "<group>"; };
		137E206F27E4CD1900AA4FF1 /* UIColor+Extension.swift */ = {isa = PBXFileReference; lastKnownFileType = sourcecode.swift; path = "UIColor+Extension.swift"; sourceTree = "<group>"; };
		137E207327E5ACC000AA4FF1 /* SheetPresenter.storyboard */ = {isa = PBXFileReference; lastKnownFileType = file.storyboard; path = SheetPresenter.storyboard; sourceTree = "<group>"; };
		137E207527E5ACF300AA4FF1 /* SheetPresenter.swift */ = {isa = PBXFileReference; lastKnownFileType = sourcecode.swift; path = SheetPresenter.swift; sourceTree = "<group>"; };
		137E207727E5ADE400AA4FF1 /* UIViewController+Extension.swift */ = {isa = PBXFileReference; lastKnownFileType = sourcecode.swift; path = "UIViewController+Extension.swift"; sourceTree = "<group>"; };
		137E207927E5AEEB00AA4FF1 /* UIResponder+Extension.swift */ = {isa = PBXFileReference; lastKnownFileType = sourcecode.swift; path = "UIResponder+Extension.swift"; sourceTree = "<group>"; };
		137E207D27E5B88200AA4FF1 /* UIView+Extension.swift */ = {isa = PBXFileReference; lastKnownFileType = sourcecode.swift; path = "UIView+Extension.swift"; sourceTree = "<group>"; };
		137E208127E5C23600AA4FF1 /* SearchPage.storyboard */ = {isa = PBXFileReference; lastKnownFileType = file.storyboard; path = SearchPage.storyboard; sourceTree = "<group>"; };
		137E208327E5C24A00AA4FF1 /* SearchPageVC.swift */ = {isa = PBXFileReference; lastKnownFileType = sourcecode.swift; path = SearchPageVC.swift; sourceTree = "<group>"; };
		137E208727E5C33900AA4FF1 /* SearchViewModel.swift */ = {isa = PBXFileReference; lastKnownFileType = sourcecode.swift; path = SearchViewModel.swift; sourceTree = "<group>"; };
		137E208927E5C41F00AA4FF1 /* SearchResultModel.swift */ = {isa = PBXFileReference; lastKnownFileType = sourcecode.swift; path = SearchResultModel.swift; sourceTree = "<group>"; };
		137E208C27E5D71F00AA4FF1 /* TableViewGenricCell.swift */ = {isa = PBXFileReference; lastKnownFileType = sourcecode.swift; path = TableViewGenricCell.swift; sourceTree = "<group>"; };
		137E208F27E5D7A300AA4FF1 /* SearchResultTableCell.swift */ = {isa = PBXFileReference; lastKnownFileType = sourcecode.swift; path = SearchResultTableCell.swift; sourceTree = "<group>"; };
		137E209027E5D7A300AA4FF1 /* SearchResultTableCell.xib */ = {isa = PBXFileReference; lastKnownFileType = file.xib; path = SearchResultTableCell.xib; sourceTree = "<group>"; };
		13CC3B1A27E10B54008F9293 /* WeatherFi.app */ = {isa = PBXFileReference; explicitFileType = wrapper.application; includeInIndex = 0; path = WeatherFi.app; sourceTree = BUILT_PRODUCTS_DIR; };
		13CC3B1D27E10B54008F9293 /* AppDelegate.swift */ = {isa = PBXFileReference; lastKnownFileType = sourcecode.swift; path = AppDelegate.swift; sourceTree = "<group>"; };
		13CC3B1F27E10B54008F9293 /* SceneDelegate.swift */ = {isa = PBXFileReference; lastKnownFileType = sourcecode.swift; path = SceneDelegate.swift; sourceTree = "<group>"; };
		13CC3B2627E10B59008F9293 /* Assets.xcassets */ = {isa = PBXFileReference; lastKnownFileType = folder.assetcatalog; path = Assets.xcassets; sourceTree = "<group>"; };
		13CC3B2927E10B59008F9293 /* Base */ = {isa = PBXFileReference; lastKnownFileType = file.storyboard; name = Base; path = Base.lproj/LaunchScreen.storyboard; sourceTree = "<group>"; };
		13CC3B2B27E10B59008F9293 /* Info.plist */ = {isa = PBXFileReference; lastKnownFileType = text.plist.xml; path = Info.plist; sourceTree = "<group>"; };
/* End PBXFileReference section */

/* Begin PBXFrameworksBuildPhase section */
		13CC3B1727E10B53008F9293 /* Frameworks */ = {
			isa = PBXFrameworksBuildPhase;
			buildActionMask = 2147483647;
			files = (
				137E206127E23FF100AA4FF1 /* Kingfisher in Frameworks */,
				137E205E27E23FDA00AA4FF1 /* Alamofire in Frameworks */,
			);
			runOnlyForDeploymentPostprocessing = 0;
		};
/* End PBXFrameworksBuildPhase section */

/* Begin PBXGroup section */
		13185F1B27E10F6B00F7BBFD /* AppDelegate */ = {
			isa = PBXGroup;
			children = (
				13CC3B1D27E10B54008F9293 /* AppDelegate.swift */,
				13CC3B1F27E10B54008F9293 /* SceneDelegate.swift */,
			);
			path = AppDelegate;
			sourceTree = "<group>";
		};
		13185F1E27E1102600F7BBFD /* Modules */ = {
			isa = PBXGroup;
			children = (
				13185F2127E1106600F7BBFD /* HomeScreen */,
				137E207F27E5C1AF00AA4FF1 /* Search */,
				137E207127E5AC9B00AA4FF1 /* SheetPresenter */,
			);
			path = Modules;
			sourceTree = "<group>";
		};
		13185F2127E1106600F7BBFD /* HomeScreen */ = {
			isa = PBXGroup;
			children = (
				13185F2527E1113100F7BBFD /* Model */,
				13185F2427E1112500F7BBFD /* Views */,
				13185F2627E1113A00F7BBFD /* ViewModel */,
			);
			path = HomeScreen;
			sourceTree = "<group>";
		};
		13185F2427E1112500F7BBFD /* Views */ = {
			isa = PBXGroup;
			children = (
				13185F2227E1109400F7BBFD /* HomeLandingVC.swift */,
				13185F1F27E1103B00F7BBFD /* HomeLanding.storyboard */,
			);
			path = Views;
			sourceTree = "<group>";
		};
		13185F2527E1113100F7BBFD /* Model */ = {
			isa = PBXGroup;
			children = (
				137E206D27E32E4F00AA4FF1 /* HomeWeatherDataModel.swift */,
			);
			path = Model;
			sourceTree = "<group>";
		};
		13185F2627E1113A00F7BBFD /* ViewModel */ = {
			isa = PBXGroup;
			children = (
				137E206927E3177B00AA4FF1 /* HomeViewModel.swift */,
			);
			path = ViewModel;
			sourceTree = "<group>";
		};
		13185F2727E1122700F7BBFD /* SupportFiles */ = {
			isa = PBXGroup;
			children = (
				13CC3B2B27E10B59008F9293 /* Info.plist */,
				13CC3B2627E10B59008F9293 /* Assets.xcassets */,
				13CC3B2827E10B59008F9293 /* LaunchScreen.storyboard */,
			);
			name = SupportFiles;
			sourceTree = "<group>";
		};
		13185F2827E1199C00F7BBFD /* Common */ = {
			isa = PBXGroup;
			children = (
				137E206B27E317C700AA4FF1 /* BaseViewController.swift */,
				13185F2927E119B900F7BBFD /* Constants.swift */,
				137E208C27E5D71F00AA4FF1 /* TableViewGenricCell.swift */,
			);
			path = Common;
			sourceTree = "<group>";
		};
		137E206227E2401600AA4FF1 /* Extensions */ = {
			isa = PBXGroup;
			children = (
				137E206327E2403200AA4FF1 /* UIImageView+Extension.swift */,
				137E206F27E4CD1900AA4FF1 /* UIColor+Extension.swift */,
				137E207727E5ADE400AA4FF1 /* UIViewController+Extension.swift */,
				137E207927E5AEEB00AA4FF1 /* UIResponder+Extension.swift */,
				137E207D27E5B88200AA4FF1 /* UIView+Extension.swift */,
			);
			path = Extensions;
			sourceTree = "<group>";
		};
		137E206527E2405500AA4FF1 /* Managers */ = {
			isa = PBXGroup;
			children = (
				137E206627E2406300AA4FF1 /* NetworkManager */,
			);
			path = Managers;
			sourceTree = "<group>";
		};
		137E206627E2406300AA4FF1 /* NetworkManager */ = {
			isa = PBXGroup;
			children = (
				137E206727E2407500AA4FF1 /* NetworkManager.swift */,
			);
			path = NetworkManager;
			sourceTree = "<group>";
		};
		137E207127E5AC9B00AA4FF1 /* SheetPresenter */ = {
			isa = PBXGroup;
			children = (
				137E207227E5ACA800AA4FF1 /* Views */,
			);
			path = SheetPresenter;
			sourceTree = "<group>";
		};
		137E207227E5ACA800AA4FF1 /* Views */ = {
			isa = PBXGroup;
			children = (
				137E207527E5ACF300AA4FF1 /* SheetPresenter.swift */,
				137E207327E5ACC000AA4FF1 /* SheetPresenter.storyboard */,
			);
			path = Views;
			sourceTree = "<group>";
		};
		137E207F27E5C1AF00AA4FF1 /* Search */ = {
			isa = PBXGroup;
			children = (
				137E208527E5C32100AA4FF1 /* Model */,
				137E208027E5C22100AA4FF1 /* Views */,
				137E208627E5C32700AA4FF1 /* ViewModel */,
			);
			path = Search;
			sourceTree = "<group>";
		};
		137E208027E5C22100AA4FF1 /* Views */ = {
			isa = PBXGroup;
			children = (
				137E208E27E5D77700AA4FF1 /* TableCells */,
				137E208327E5C24A00AA4FF1 /* SearchPageVC.swift */,
				137E208127E5C23600AA4FF1 /* SearchPage.storyboard */,
			);
			path = Views;
			sourceTree = "<group>";
		};
		137E208527E5C32100AA4FF1 /* Model */ = {
			isa = PBXGroup;
			children = (
				137E208927E5C41F00AA4FF1 /* SearchResultModel.swift */,
			);
			path = Model;
			sourceTree = "<group>";
		};
		137E208627E5C32700AA4FF1 /* ViewModel */ = {
			isa = PBXGroup;
			children = (
				137E208727E5C33900AA4FF1 /* SearchViewModel.swift */,
			);
			path = ViewModel;
			sourceTree = "<group>";
		};
		137E208E27E5D77700AA4FF1 /* TableCells */ = {
			isa = PBXGroup;
			children = (
				137E208F27E5D7A300AA4FF1 /* SearchResultTableCell.swift */,
				137E209027E5D7A300AA4FF1 /* SearchResultTableCell.xib */,
			);
			path = TableCells;
			sourceTree = "<group>";
		};
		13CC3B1127E10B53008F9293 = {
			isa = PBXGroup;
			children = (
				13CC3B1C27E10B54008F9293 /* WeatherFi */,
				13CC3B1B27E10B54008F9293 /* Products */,
			);
			sourceTree = "<group>";
		};
		13CC3B1B27E10B54008F9293 /* Products */ = {
			isa = PBXGroup;
			children = (
				13CC3B1A27E10B54008F9293 /* WeatherFi.app */,
			);
			name = Products;
			sourceTree = "<group>";
		};
		13CC3B1C27E10B54008F9293 /* WeatherFi */ = {
			isa = PBXGroup;
			children = (
				13185F1B27E10F6B00F7BBFD /* AppDelegate */,
				13185F1E27E1102600F7BBFD /* Modules */,
				137E206527E2405500AA4FF1 /* Managers */,
				13185F2827E1199C00F7BBFD /* Common */,
				137E206227E2401600AA4FF1 /* Extensions */,
				13185F2727E1122700F7BBFD /* SupportFiles */,
			);
			path = WeatherFi;
			sourceTree = "<group>";
		};
/* End PBXGroup section */

/* Begin PBXNativeTarget section */
		13CC3B1927E10B53008F9293 /* WeatherFi */ = {
			isa = PBXNativeTarget;
			buildConfigurationList = 13CC3B2E27E10B59008F9293 /* Build configuration list for PBXNativeTarget "WeatherFi" */;
			buildPhases = (
				13CC3B1627E10B53008F9293 /* Sources */,
				13CC3B1727E10B53008F9293 /* Frameworks */,
				13CC3B1827E10B53008F9293 /* Resources */,
			);
			buildRules = (
			);
			dependencies = (
			);
			name = WeatherFi;
			packageProductDependencies = (
				137E205D27E23FDA00AA4FF1 /* Alamofire */,
				137E206027E23FF100AA4FF1 /* Kingfisher */,
			);
			productName = WeatherFi;
			productReference = 13CC3B1A27E10B54008F9293 /* WeatherFi.app */;
			productType = "com.apple.product-type.application";
		};
/* End PBXNativeTarget section */

/* Begin PBXProject section */
		13CC3B1227E10B53008F9293 /* Project object */ = {
			isa = PBXProject;
			attributes = {
				BuildIndependentTargetsInParallel = 1;
				LastSwiftUpdateCheck = 1330;
				LastUpgradeCheck = 1330;
				TargetAttributes = {
					13CC3B1927E10B53008F9293 = {
						CreatedOnToolsVersion = 13.3;
					};
				};
			};
			buildConfigurationList = 13CC3B1527E10B53008F9293 /* Build configuration list for PBXProject "WeatherFi" */;
			compatibilityVersion = "Xcode 13.0";
			developmentRegion = en;
			hasScannedForEncodings = 0;
			knownRegions = (
				en,
				Base,
			);
			mainGroup = 13CC3B1127E10B53008F9293;
			packageReferences = (
				137E205C27E23FDA00AA4FF1 /* XCRemoteSwiftPackageReference "Alamofire" */,
				137E205F27E23FF100AA4FF1 /* XCRemoteSwiftPackageReference "Kingfisher" */,
			);
			productRefGroup = 13CC3B1B27E10B54008F9293 /* Products */;
			projectDirPath = "";
			projectRoot = "";
			targets = (
				13CC3B1927E10B53008F9293 /* WeatherFi */,
			);
		};
/* End PBXProject section */

/* Begin PBXResourcesBuildPhase section */
		13CC3B1827E10B53008F9293 /* Resources */ = {
			isa = PBXResourcesBuildPhase;
			buildActionMask = 2147483647;
			files = (
				13CC3B2A27E10B59008F9293 /* LaunchScreen.storyboard in Resources */,
				137E207427E5ACC000AA4FF1 /* SheetPresenter.storyboard in Resources */,
				13CC3B2727E10B59008F9293 /* Assets.xcassets in Resources */,
				137E209227E5D7A300AA4FF1 /* SearchResultTableCell.xib in Resources */,
				13185F2027E1103B00F7BBFD /* HomeLanding.storyboard in Resources */,
				137E208227E5C23600AA4FF1 /* SearchPage.storyboard in Resources */,
			);
			runOnlyForDeploymentPostprocessing = 0;
		};
/* End PBXResourcesBuildPhase section */

/* Begin PBXSourcesBuildPhase section */
		13CC3B1627E10B53008F9293 /* Sources */ = {
			isa = PBXSourcesBuildPhase;
			buildActionMask = 2147483647;
			files = (
				137E207827E5ADE400AA4FF1 /* UIViewController+Extension.swift in Sources */,
				137E206827E2407500AA4FF1 /* NetworkManager.swift in Sources */,
				137E208827E5C33900AA4FF1 /* SearchViewModel.swift in Sources */,
				137E208427E5C24A00AA4FF1 /* SearchPageVC.swift in Sources */,
				137E207627E5ACF300AA4FF1 /* SheetPresenter.swift in Sources */,
				137E209127E5D7A300AA4FF1 /* SearchResultTableCell.swift in Sources */,
				137E206427E2403200AA4FF1 /* UIImageView+Extension.swift in Sources */,
				137E206A27E3177B00AA4FF1 /* HomeViewModel.swift in Sources */,
				13CC3B1E27E10B54008F9293 /* AppDelegate.swift in Sources */,
				13CC3B2027E10B54008F9293 /* SceneDelegate.swift in Sources */,
				137E206C27E317C700AA4FF1 /* BaseViewController.swift in Sources */,
				137E207E27E5B88200AA4FF1 /* UIView+Extension.swift in Sources */,
				137E208D27E5D71F00AA4FF1 /* TableViewGenricCell.swift in Sources */,
				137E208A27E5C41F00AA4FF1 /* SearchResultModel.swift in Sources */,
				137E207A27E5AEEB00AA4FF1 /* UIResponder+Extension.swift in Sources */,
				137E206E27E32E4F00AA4FF1 /* HomeWeatherDataModel.swift in Sources */,
				13185F2327E1109400F7BBFD /* HomeLandingVC.swift in Sources */,
				13185F2A27E119B900F7BBFD /* Constants.swift in Sources */,
				137E207027E4CD1900AA4FF1 /* UIColor+Extension.swift in Sources */,
			);
			runOnlyForDeploymentPostprocessing = 0;
		};
/* End PBXSourcesBuildPhase section */

/* Begin PBXVariantGroup section */
		13CC3B2827E10B59008F9293 /* LaunchScreen.storyboard */ = {
			isa = PBXVariantGroup;
			children = (
				13CC3B2927E10B59008F9293 /* Base */,
			);
			name = LaunchScreen.storyboard;
			sourceTree = "<group>";
		};
/* End PBXVariantGroup section */

/* Begin XCBuildConfiguration section */
		13CC3B2C27E10B59008F9293 /* Debug */ = {
			isa = XCBuildConfiguration;
			buildSettings = {
				ALWAYS_SEARCH_USER_PATHS = NO;
				CLANG_ANALYZER_NONNULL = YES;
				CLANG_ANALYZER_NUMBER_OBJECT_CONVERSION = YES_AGGRESSIVE;
				CLANG_CXX_LANGUAGE_STANDARD = "gnu++17";
				CLANG_ENABLE_MODULES = YES;
				CLANG_ENABLE_OBJC_ARC = YES;
				CLANG_ENABLE_OBJC_WEAK = YES;
				CLANG_WARN_BLOCK_CAPTURE_AUTORELEASING = YES;
				CLANG_WARN_BOOL_CONVERSION = YES;
				CLANG_WARN_COMMA = YES;
				CLANG_WARN_CONSTANT_CONVERSION = YES;
				CLANG_WARN_DEPRECATED_OBJC_IMPLEMENTATIONS = YES;
				CLANG_WARN_DIRECT_OBJC_ISA_USAGE = YES_ERROR;
				CLANG_WARN_DOCUMENTATION_COMMENTS = YES;
				CLANG_WARN_EMPTY_BODY = YES;
				CLANG_WARN_ENUM_CONVERSION = YES;
				CLANG_WARN_INFINITE_RECURSION = YES;
				CLANG_WARN_INT_CONVERSION = YES;
				CLANG_WARN_NON_LITERAL_NULL_CONVERSION = YES;
				CLANG_WARN_OBJC_IMPLICIT_RETAIN_SELF = YES;
				CLANG_WARN_OBJC_LITERAL_CONVERSION = YES;
				CLANG_WARN_OBJC_ROOT_CLASS = YES_ERROR;
				CLANG_WARN_QUOTED_INCLUDE_IN_FRAMEWORK_HEADER = YES;
				CLANG_WARN_RANGE_LOOP_ANALYSIS = YES;
				CLANG_WARN_STRICT_PROTOTYPES = YES;
				CLANG_WARN_SUSPICIOUS_MOVE = YES;
				CLANG_WARN_UNGUARDED_AVAILABILITY = YES_AGGRESSIVE;
				CLANG_WARN_UNREACHABLE_CODE = YES;
				CLANG_WARN__DUPLICATE_METHOD_MATCH = YES;
				COPY_PHASE_STRIP = NO;
				DEBUG_INFORMATION_FORMAT = dwarf;
				ENABLE_STRICT_OBJC_MSGSEND = YES;
				ENABLE_TESTABILITY = YES;
				GCC_C_LANGUAGE_STANDARD = gnu11;
				GCC_DYNAMIC_NO_PIC = NO;
				GCC_NO_COMMON_BLOCKS = YES;
				GCC_OPTIMIZATION_LEVEL = 0;
				GCC_PREPROCESSOR_DEFINITIONS = (
					"DEBUG=1",
					"$(inherited)",
				);
				GCC_WARN_64_TO_32_BIT_CONVERSION = YES;
				GCC_WARN_ABOUT_RETURN_TYPE = YES_ERROR;
				GCC_WARN_UNDECLARED_SELECTOR = YES;
				GCC_WARN_UNINITIALIZED_AUTOS = YES_AGGRESSIVE;
				GCC_WARN_UNUSED_FUNCTION = YES;
				GCC_WARN_UNUSED_VARIABLE = YES;
				IPHONEOS_DEPLOYMENT_TARGET = 14.0;
				MTL_ENABLE_DEBUG_INFO = INCLUDE_SOURCE;
				MTL_FAST_MATH = YES;
				ONLY_ACTIVE_ARCH = YES;
				SDKROOT = iphoneos;
				SWIFT_ACTIVE_COMPILATION_CONDITIONS = DEBUG;
				SWIFT_OPTIMIZATION_LEVEL = "-Onone";
			};
			name = Debug;
		};
		13CC3B2D27E10B59008F9293 /* Release */ = {
			isa = XCBuildConfiguration;
			buildSettings = {
				ALWAYS_SEARCH_USER_PATHS = NO;
				CLANG_ANALYZER_NONNULL = YES;
				CLANG_ANALYZER_NUMBER_OBJECT_CONVERSION = YES_AGGRESSIVE;
				CLANG_CXX_LANGUAGE_STANDARD = "gnu++17";
				CLANG_ENABLE_MODULES = YES;
				CLANG_ENABLE_OBJC_ARC = YES;
				CLANG_ENABLE_OBJC_WEAK = YES;
				CLANG_WARN_BLOCK_CAPTURE_AUTORELEASING = YES;
				CLANG_WARN_BOOL_CONVERSION = YES;
				CLANG_WARN_COMMA = YES;
				CLANG_WARN_CONSTANT_CONVERSION = YES;
				CLANG_WARN_DEPRECATED_OBJC_IMPLEMENTATIONS = YES;
				CLANG_WARN_DIRECT_OBJC_ISA_USAGE = YES_ERROR;
				CLANG_WARN_DOCUMENTATION_COMMENTS = YES;
				CLANG_WARN_EMPTY_BODY = YES;
				CLANG_WARN_ENUM_CONVERSION = YES;
				CLANG_WARN_INFINITE_RECURSION = YES;
				CLANG_WARN_INT_CONVERSION = YES;
				CLANG_WARN_NON_LITERAL_NULL_CONVERSION = YES;
				CLANG_WARN_OBJC_IMPLICIT_RETAIN_SELF = YES;
				CLANG_WARN_OBJC_LITERAL_CONVERSION = YES;
				CLANG_WARN_OBJC_ROOT_CLASS = YES_ERROR;
				CLANG_WARN_QUOTED_INCLUDE_IN_FRAMEWORK_HEADER = YES;
				CLANG_WARN_RANGE_LOOP_ANALYSIS = YES;
				CLANG_WARN_STRICT_PROTOTYPES = YES;
				CLANG_WARN_SUSPICIOUS_MOVE = YES;
				CLANG_WARN_UNGUARDED_AVAILABILITY = YES_AGGRESSIVE;
				CLANG_WARN_UNREACHABLE_CODE = YES;
				CLANG_WARN__DUPLICATE_METHOD_MATCH = YES;
				COPY_PHASE_STRIP = NO;
				DEBUG_INFORMATION_FORMAT = "dwarf-with-dsym";
				ENABLE_NS_ASSERTIONS = NO;
				ENABLE_STRICT_OBJC_MSGSEND = YES;
				GCC_C_LANGUAGE_STANDARD = gnu11;
				GCC_NO_COMMON_BLOCKS = YES;
				GCC_WARN_64_TO_32_BIT_CONVERSION = YES;
				GCC_WARN_ABOUT_RETURN_TYPE = YES_ERROR;
				GCC_WARN_UNDECLARED_SELECTOR = YES;
				GCC_WARN_UNINITIALIZED_AUTOS = YES_AGGRESSIVE;
				GCC_WARN_UNUSED_FUNCTION = YES;
				GCC_WARN_UNUSED_VARIABLE = YES;
				IPHONEOS_DEPLOYMENT_TARGET = 14.0;
				MTL_ENABLE_DEBUG_INFO = NO;
				MTL_FAST_MATH = YES;
				SDKROOT = iphoneos;
				SWIFT_COMPILATION_MODE = wholemodule;
				SWIFT_OPTIMIZATION_LEVEL = "-O";
				VALIDATE_PRODUCT = YES;
			};
			name = Release;
		};
		13CC3B2F27E10B59008F9293 /* Debug */ = {
			isa = XCBuildConfiguration;
			buildSettings = {
				ASSETCATALOG_COMPILER_APPICON_NAME = AppIcon;
				ASSETCATALOG_COMPILER_GLOBAL_ACCENT_COLOR_NAME = AccentColor;
				CODE_SIGN_STYLE = Manual;
				CURRENT_PROJECT_VERSION = 1;
				DEVELOPMENT_TEAM = "";
				GENERATE_INFOPLIST_FILE = YES;
				INFOPLIST_FILE = WeatherFi/Info.plist;
				INFOPLIST_KEY_NSLocationAlwaysAndWhenInUseUsageDescription = "Location required to fetch weather details";
				INFOPLIST_KEY_NSLocationAlwaysUsageDescription = "We would need your location to fetch current weather";
				INFOPLIST_KEY_NSLocationWhenInUseUsageDescription = "Location required to fetch weather details";
				INFOPLIST_KEY_UIApplicationSupportsIndirectInputEvents = YES;
				INFOPLIST_KEY_UILaunchStoryboardName = LaunchScreen;
				INFOPLIST_KEY_UIMainStoryboardFile = HomeLanding;
				INFOPLIST_KEY_UISupportedInterfaceOrientations = "";
				INFOPLIST_KEY_UISupportedInterfaceOrientations_iPad = "UIInterfaceOrientationPortrait UIInterfaceOrientationPortraitUpsideDown UIInterfaceOrientationLandscapeLeft UIInterfaceOrientationLandscapeRight";
				INFOPLIST_KEY_UISupportedInterfaceOrientations_iPhone = "UIInterfaceOrientationPortrait UIInterfaceOrientationLandscapeLeft UIInterfaceOrientationLandscapeRight";
				IPHONEOS_DEPLOYMENT_TARGET = 14.0;
				LD_RUNPATH_SEARCH_PATHS = (
					"$(inherited)",
					"@executable_path/Frameworks",
				);
				MARKETING_VERSION = 1.0;
				PRODUCT_BUNDLE_IDENTIFIER = com.demo.WeatherFi;
				PRODUCT_NAME = "$(TARGET_NAME)";
				PROVISIONING_PROFILE_SPECIFIER = "";
				SWIFT_EMIT_LOC_STRINGS = YES;
				SWIFT_VERSION = 5.0;
				TARGETED_DEVICE_FAMILY = "1,2";
			};
			name = Debug;
		};
		13CC3B3027E10B59008F9293 /* Release */ = {
			isa = XCBuildConfiguration;
			buildSettings = {
				ASSETCATALOG_COMPILER_APPICON_NAME = AppIcon;
				ASSETCATALOG_COMPILER_GLOBAL_ACCENT_COLOR_NAME = AccentColor;
				CODE_SIGN_STYLE = Manual;
				CURRENT_PROJECT_VERSION = 1;
				DEVELOPMENT_TEAM = "";
				GENERATE_INFOPLIST_FILE = YES;
				INFOPLIST_FILE = WeatherFi/Info.plist;
				INFOPLIST_KEY_NSLocationAlwaysAndWhenInUseUsageDescription = "Location required to fetch weather details";
				INFOPLIST_KEY_NSLocationAlwaysUsageDescription = "We would need your location to fetch current weather";
				INFOPLIST_KEY_NSLocationWhenInUseUsageDescription = "Location required to fetch weather details";
				INFOPLIST_KEY_UIApplicationSupportsIndirectInputEvents = YES;
				INFOPLIST_KEY_UILaunchStoryboardName = LaunchScreen;
				INFOPLIST_KEY_UIMainStoryboardFile = HomeLanding;
				INFOPLIST_KEY_UISupportedInterfaceOrientations = "";
				INFOPLIST_KEY_UISupportedInterfaceOrientations_iPad = "UIInterfaceOrientationPortrait UIInterfaceOrientationPortraitUpsideDown UIInterfaceOrientationLandscapeLeft UIInterfaceOrientationLandscapeRight";
				INFOPLIST_KEY_UISupportedInterfaceOrientations_iPhone = "UIInterfaceOrientationPortrait UIInterfaceOrientationLandscapeLeft UIInterfaceOrientationLandscapeRight";
				IPHONEOS_DEPLOYMENT_TARGET = 14.0;
				LD_RUNPATH_SEARCH_PATHS = (
					"$(inherited)",
					"@executable_path/Frameworks",
				);
				MARKETING_VERSION = 1.0;
				PRODUCT_BUNDLE_IDENTIFIER = com.demo.WeatherFi;
				PRODUCT_NAME = "$(TARGET_NAME)";
				PROVISIONING_PROFILE_SPECIFIER = "";
				SWIFT_EMIT_LOC_STRINGS = YES;
				SWIFT_VERSION = 5.0;
				TARGETED_DEVICE_FAMILY = "1,2";
			};
			name = Release;
		};
/* End XCBuildConfiguration section */

/* Begin XCConfigurationList section */
		13CC3B1527E10B53008F9293 /* Build configuration list for PBXProject "WeatherFi" */ = {
			isa = XCConfigurationList;
			buildConfigurations = (
				13CC3B2C27E10B59008F9293 /* Debug */,
				13CC3B2D27E10B59008F9293 /* Release */,
			);
			defaultConfigurationIsVisible = 0;
			defaultConfigurationName = Release;
		};
		13CC3B2E27E10B59008F9293 /* Build configuration list for PBXNativeTarget "WeatherFi" */ = {
			isa = XCConfigurationList;
			buildConfigurations = (
				13CC3B2F27E10B59008F9293 /* Debug */,
				13CC3B3027E10B59008F9293 /* Release */,
			);
			defaultConfigurationIsVisible = 0;
			defaultConfigurationName = Release;
		};
/* End XCConfigurationList section */

/* Begin XCRemoteSwiftPackageReference section */
		137E205C27E23FDA00AA4FF1 /* XCRemoteSwiftPackageReference "Alamofire" */ = {
			isa = XCRemoteSwiftPackageReference;
			repositoryURL = "https://github.com/Alamofire/Alamofire";
			requirement = {
				kind = upToNextMajorVersion;
				minimumVersion = 5.0.0;
			};
		};
		137E205F27E23FF100AA4FF1 /* XCRemoteSwiftPackageReference "Kingfisher" */ = {
			isa = XCRemoteSwiftPackageReference;
			repositoryURL = "https://github.com/onevcat/Kingfisher";
			requirement = {
				kind = upToNextMajorVersion;
				minimumVersion = 7.0.0;
			};
		};
/* End XCRemoteSwiftPackageReference section */

/* Begin XCSwiftPackageProductDependency section */
		137E205D27E23FDA00AA4FF1 /* Alamofire */ = {
			isa = XCSwiftPackageProductDependency;
			package = 137E205C27E23FDA00AA4FF1 /* XCRemoteSwiftPackageReference "Alamofire" */;
			productName = Alamofire;
		};
		137E206027E23FF100AA4FF1 /* Kingfisher */ = {
			isa = XCSwiftPackageProductDependency;
			package = 137E205F27E23FF100AA4FF1 /* XCRemoteSwiftPackageReference "Kingfisher" */;
			productName = Kingfisher;
		};
/* End XCSwiftPackageProductDependency section */
	};
	rootObject = 13CC3B1227E10B53008F9293 /* Project object */;
}
